
Microsoft Visual Studio Solution File, Format Version 12.00
# Visual Studio Version 16
VisualStudioVersion = 16.0.31129.286
MinimumVisualStudioVersion = 10.0.40219.1
Project("{FAE04EC0-301F-11D3-BF4B-00C04F79EFBC}") = "Budget_Tracker", "Budget_Tracker\Budget_Tracker.csproj", "{EC7ACD24-A0C0-4379-88FC-AABE55EC5F7E}"
EndProject
Global
	GlobalSection(SolutionConfigurationPlatforms) = preSolution
		Debug|Any CPU = Debug|Any CPU
		Release|Any CPU = Release|Any CPU
	EndGlobalSection
	GlobalSection(ProjectConfigurationPlatforms) = postSolution
		{EC7ACD24-A0C0-4379-88FC-AABE55EC5F7E}.Debug|Any CPU.ActiveCfg = Debug|Any CPU
		{EC7ACD24-A0C0-4379-88FC-AABE55EC5F7E}.Debug|Any CPU.Build.0 = Debug|Any CPU
		{EC7ACD24-A0C0-4379-88FC-AABE55EC5F7E}.Release|Any CPU.ActiveCfg = Release|Any CPU
		{EC7ACD24-A0C0-4379-88FC-AABE55EC5F7E}.Release|Any CPU.Build.0 = Release|Any CPU
	EndGlobalSection
	GlobalSection(SolutionProperties) = preSolution
		HideSolutionNode = FALSE
	EndGlobalSection
	GlobalSection(ExtensibilityGlobals) = postSolution
		SolutionGuid = {95056762-9A99-40ED-96C3-4B4818066FCD}
	EndGlobalSection
EndGlobal
